
Microsoft Visual Studio Solution File, Format Version 12.00
# Visual Studio Version 17
VisualStudioVersion = 17.11.35327.3
MinimumVisualStudioVersion = 10.0.40219.1
Project("{FAE04EC0-301F-11D3-BF4B-00C04F79EFBC}") = "GamesInventory.Models", "GamesInventory.Models\GamesInventory.Models.csproj", "{40F52B6D-8F27-419E-AD9E-738867E9DE82}"
EndProject
Project("{FAE04EC0-301F-11D3-BF4B-00C04F79EFBC}") = "GamesInventory.Test", "..\GamesInventory.Test\GamesInventory.Test.csproj", "{E1EA524D-6D8E-45F3-BC41-3BBC82FCF079}"
EndProject
Global
	GlobalSection(SolutionConfigurationPlatforms) = preSolution
		Debug|Any CPU = Debug|Any CPU
		Release|Any CPU = Release|Any CPU
	EndGlobalSection
	GlobalSection(ProjectConfigurationPlatforms) = postSolution
		{40F52B6D-8F27-419E-AD9E-738867E9DE82}.Debug|Any CPU.ActiveCfg = Debug|Any CPU
		{40F52B6D-8F27-419E-AD9E-738867E9DE82}.Debug|Any CPU.Build.0 = Debug|Any CPU
		{40F52B6D-8F27-419E-AD9E-738867E9DE82}.Release|Any CPU.ActiveCfg = Release|Any CPU
		{40F52B6D-8F27-419E-AD9E-738867E9DE82}.Release|Any CPU.Build.0 = Release|Any CPU
		{E1EA524D-6D8E-45F3-BC41-3BBC82FCF079}.Debug|Any CPU.ActiveCfg = Debug|Any CPU
		{E1EA524D-6D8E-45F3-BC41-3BBC82FCF079}.Debug|Any CPU.Build.0 = Debug|Any CPU
		{E1EA524D-6D8E-45F3-BC41-3BBC82FCF079}.Release|Any CPU.ActiveCfg = Release|Any CPU
		{E1EA524D-6D8E-45F3-BC41-3BBC82FCF079}.Release|Any CPU.Build.0 = Release|Any CPU
	EndGlobalSection
	GlobalSection(SolutionProperties) = preSolution
		HideSolutionNode = FALSE
	EndGlobalSection
	GlobalSection(ExtensibilityGlobals) = postSolution
		SolutionGuid = {780BAEB0-B2A7-4D25-8102-CF5CB65F271E}
	EndGlobalSection
EndGlobal
